{
    "_meta": {
        "hash": {
            "sha256": "ce1c4adc6ce1748d3af4e8140122a5e2e367c2c1f8eb1a3a44b516fbcead736f"
        },
        "pipfile-spec": 6,
        "requires": {
            "python_version": "3.6"
        },
        "sources": [
            {
                "name": "pypi",
                "url": "https://pypi.org/simple",
                "verify_ssl": true
            }
        ]
    },
    "default": {
        "cmake": {
            "hashes": [
                "sha256:0667ed366d98fad8d74416b016e011cdbb648f4cce217a6700cfaf18689c6d75",
                "sha256:0c95f62f563816e47ed4a53a89c1d9953606035d93fa99127a97c126f3e7ce61",
                "sha256:1bc2d59dec99855b38b1964c1da6286fa687ea4fe3c6786672e5749a5f254f0d",
                "sha256:455fce78cde1c319ed0703ec1a21d9e6f1045742f9f7c354457854db05c1cacd",
                "sha256:4a8cea00dee68536f7979d64a5893533e531a96e6cd995d314978358a176e020",
                "sha256:4d3e4d949ddb4f2929006bf545d9342a5f01f9036ac690fe1134b235389f08da",
                "sha256:4f7c3be4219887e8b9382e795155be6cf6393c44ec792eb8a614213117e5e4ec",
                "sha256:5f3a5564c1375913f56b1b3b047ca48fb134413655b603f9f70be9746b969c95",
                "sha256:6177d12bbd222b160a3d1418cb56ad2bf65ff00817949d0e5293bbc9395daed3",
                "sha256:63b574166ba48917ce71c89dc27185a2d2bb0799601b1fa3b16d576907cf3faf",
                "sha256:84666eccd30c835fefcd71718147f18a303823f65efdceddeee730a095f6a504",
                "sha256:99a3cdd9ba4038e56e2cf5ab547da0376fd5c959ac3be897fe619163991060c2",
                "sha256:9cf8da3a3574423936430ef57870a56e3be98fba240ba49cc33e08aac3d5ac45",
                "sha256:a98e82dab94dc2c18ac6cc67ec6378b2a408851a191fa8c43d7782f3c70e161a",
                "sha256:abcda4be22060711e249bc8b7310dfecda03ea4cc1a0565783039f881605305d",
                "sha256:b53376c76256e8a84be0d4a78747a9cd9624d4e01e7e8e5ab7fd7c63f45f51bf",
                "sha256:c1678bfe84c2f325d988fe3494f59117f6ec585fecf7d70d738a2d7d3dd51906",
                "sha256:cca72a90712c75858d681762620ed0ab43b0c27fa2a1f72e0cd57f41ac170a9c",
                "sha256:d529365cff3604f1f117146ad7f03823942ef7f9fcb13078c9f65bc376c50e4e",
                "sha256:dd99434566190d9f446756f3031361fb12b8104a833ff1e356481fa4ddb387e4",
                "sha256:e55beb9db52ed0609f1dae51dfc3c20253416b2dbe1a4849c7d87c32471df618",
                "sha256:f25241f5e5cf13243a411703a8d0b36f652817d06aa7c0758c3d9e6d98779190",
                "sha256:ff246a720916c86bc26593bcd9e036cac1080c6f5147e3c356323dfde5c75f1f"
            ],
            "index": "pypi",
            "version": "==3.11.0"
        },
        "colorama": {
            "hashes": [
                "sha256:463f8483208e921368c9f306094eb6f725c6ca42b0f97e313cb5d5512459feda",
                "sha256:48eb22f4f8461b1df5734a074b57042430fb06e1d61bd1e11b078c0fe6d7a1f1"
            ],
            "index": "pypi",
            "markers": "sys_platform == 'win32'",
            "version": "==0.3.9"
        },
        "logbook": {
            "hashes": [
                "sha256:3c0a3ebd48e89fcdd725fe393eb9226c789dca5a4e7842d65e2f256645fd1cd9",
                "sha256:97a827a49db0f543cf67a87dbbb7f3164383c801c28641630e200d00c396baa8",
                "sha256:e273188067df6c82b09a0b51d1034628fcd2dab300a074c89e64c4dbbbec0328",
                "sha256:f25f247eed81b7befca3a4646a266c7f6f328a7152d75223f9d3d0ee6476c015",
                "sha256:f4d0b079756f99181d7d87b701b09af1f5d8b17110fe39465cc7afd94db1e95c"
            ],
            "index": "pypi",
            "version": "==1.4.0"
        },
        "ninja": {
            "hashes": [
                "sha256:1cf249534f8f03a6e5e523fcd1b45291f3aef52afbc573fecdf677e48fc9a0cb",
                "sha256:2693178760acb521caeb0c329899e881eb0094734d253ea5df0b8bcd9b00e487",
                "sha256:28e6fdb1ce0ee96f9f1431fb87542a8bf1c18561cbb4eb2da5290d0743cba467",
                "sha256:2fde7d6e222c7e2a92671c68884881f970beeb7d5fb272835867d0ee543c17db",
                "sha256:30ed809997f194b94abfdcedb616c54ee63a42fb613b71083ff4248f51a94070",
                "sha256:3e9f481e9af2b6854d9dd7bcacee5715e2c11e3be04ef0fb93856117f8c9f753",
                "sha256:521c413f0836c565ef12fdbf357645a8dc83de31d4e17e67baeb81f7bd60a603",
                "sha256:55d20020a220ba64fb04382086c6d1d9217b8d5eb0750808662744df13355e90",
                "sha256:588bd84b2cf55fb3e4537a8fce59839479ee3b4412ef7353b4ff55c93871b6e6",
                "sha256:5b8f7c42a491bf3172e7d1876ffec781af59207cb7b24f2fa07fdf0a8f1308f9",
                "sha256:67722b15fe415510531c9dab765e42acbfd3c9a1aa2d7f8cdddaa080e343bfae",
                "sha256:73017a765673edaeecce99c48840acf5d8b10869775ac2eec6a8e1547cc6e32e",
                "sha256:746e030e0be951dc6ff95a5dce1b7210449033a6f84c1376954d292639fc4e8f",
                "sha256:77517d32efd9e1f44d6e2a35760c3e057edd9d21342d88f0cc1e6bb1598805e8",
                "sha256:797a53a4a5de219615d18c679c5a2b6fcbb4ff6a0b3209ae01f5d9dec3fbeaf5",
                "sha256:79be3b1ba7d93d2cd091d978d060988f4192ac4b11a4ce153f6fcfaf3dfa9977",
                "sha256:7f4360de8239079b84302119f3571310e6c2f8d9fd6726de8c6834c67a704cd6",
                "sha256:812662c14decf3f57dbd63ae0d2148bd097a773e584cfb63ccdbfb9086627088",
                "sha256:a227f93cb6075e9448c31edeab4617b12faadbea0cda024cb335086455898150",
                "sha256:aee3a4678b1c04a14738efd10e16112b5fa7e082ddad2d5263a67fea20effe63",
                "sha256:ba31e2ca2f0458a693a67434b4ade129fb5c636c7354dba14bd37d36a48d3d5a",
                "sha256:bd8846fbf3f4067127275ba8c03ecdee9591edd3dc9af7de9f20122f87a0b6a3",
                "sha256:beb5615c9e2551cff5cc5c8eb6b6be3d6b97e5eb3d467e4a8de3b5b0f12d170f",
                "sha256:dc4d0b0e1b70824396b9047e865063f04e7ed7c38a67459f4e5cd031329acd51",
                "sha256:e7f93e3cefe3a15a8e7af159c343321aa8ab95a2a217094dd628e55ae8064ceb",
                "sha256:e8c93d7141a1f4db640cedb8eaa7a8454dd3a42615fe7e460094d8a8d33c1492",
                "sha256:fed1e5f8725d95621785217b06cb5838cebea29f5c996efa9675af58da591ebb"
            ],
            "index": "pypi",
            "version": "==1.8.2"
        }
    },
    "develop": {
        "astroid": {
            "hashes": [
                "sha256:032f6e09161e96f417ea7fad46d3fac7a9019c775f202182c22df0e4f714cb1c",
                "sha256:dea42ae6e0b789b543f728ddae7ddb6740ba33a49fb52c4a4d9cb7bb4aa6ec09"
            ],
            "version": "==1.6.4"
        },
        "attrs": {
            "hashes": [
                "sha256:4b90b09eeeb9b88c35bc642cbac057e45a5fd85367b985bd2809c62b7b939265",
                "sha256:e0d0eb91441a3b53dab4d9b743eafc1ac44476296a2053b6ca3af0b139faf87b"
            ],
            "version": "==18.1.0"
        },
        "colorama": {
            "hashes": [
                "sha256:463f8483208e921368c9f306094eb6f725c6ca42b0f97e313cb5d5512459feda",
                "sha256:48eb22f4f8461b1df5734a074b57042430fb06e1d61bd1e11b078c0fe6d7a1f1"
            ],
            "index": "pypi",
            "markers": "sys_platform == 'win32'",
            "version": "==0.3.9"
        },
        "isort": {
            "hashes": [
                "sha256:1153601da39a25b14ddc54955dbbacbb6b2d19135386699e2ad58517953b34af",
                "sha256:b9c40e9750f3d77e6e4d441d8b0266cf555e7cdabdcff33c4fd06366ca761ef8",
                "sha256:ec9ef8f4a9bc6f71eec99e1806bfa2de401650d996c59330782b89a5555c1497"
            ],
            "version": "==4.3.4"
        },
        "lazy-object-proxy": {
            "hashes": [
                "sha256:0ce34342b419bd8f018e6666bfef729aec3edf62345a53b537a4dcc115746a33",
                "sha256:1b668120716eb7ee21d8a38815e5eb3bb8211117d9a90b0f8e21722c0758cc39",
                "sha256:209615b0fe4624d79e50220ce3310ca1a9445fd8e6d3572a896e7f9146bbf019",
                "sha256:27bf62cb2b1a2068d443ff7097ee33393f8483b570b475db8ebf7e1cba64f088",
                "sha256:27ea6fd1c02dcc78172a82fc37fcc0992a94e4cecf53cb6d73f11749825bd98b",
                "sha256:2c1b21b44ac9beb0fc848d3993924147ba45c4ebc24be19825e57aabbe74a99e",
                "sha256:2df72ab12046a3496a92476020a1a0abf78b2a7db9ff4dc2036b8dd980203ae6",
                "sha256:320ffd3de9699d3892048baee45ebfbbf9388a7d65d832d7e580243ade426d2b",
                "sha256:50e3b9a464d5d08cc5227413db0d1c4707b6172e4d4d915c1c70e4de0bbff1f5",
                "sha256:5276db7ff62bb7b52f77f1f51ed58850e315154249aceb42e7f4c611f0f847ff",
                "sha256:61a6cf00dcb1a7f0c773ed4acc509cb636af2d6337a08f362413c76b2b47a8dd",
                "sha256:6ae6c4cb59f199d8827c5a07546b2ab7e85d262acaccaacd49b62f53f7c456f7",
                "sha256:7661d401d60d8bf15bb5da39e4dd72f5d764c5aff5a86ef52a042506e3e970ff",
                "sha256:7bd527f36a605c914efca5d3d014170b2cb184723e423d26b1fb2fd9108e264d",
                "sha256:7cb54db3535c8686ea12e9535eb087d32421184eacc6939ef15ef50f83a5e7e2",
                "sha256:7f3a2d740291f7f2c111d86a1c4851b70fb000a6c8883a59660d95ad57b9df35",
                "sha256:81304b7d8e9c824d058087dcb89144842c8e0dea6d281c031f59f0acf66963d4",
                "sha256:933947e8b4fbe617a51528b09851685138b49d511af0b6c0da2539115d6d4514",
                "sha256:94223d7f060301b3a8c09c9b3bc3294b56b2188e7d8179c762a1cda72c979252",
                "sha256:ab3ca49afcb47058393b0122428358d2fbe0408cf99f1b58b295cfeb4ed39109",
                "sha256:bd6292f565ca46dee4e737ebcc20742e3b5be2b01556dafe169f6c65d088875f",
                "sha256:cb924aa3e4a3fb644d0c463cad5bc2572649a6a3f68a7f8e4fbe44aaa6d77e4c",
                "sha256:d0fc7a286feac9077ec52a927fc9fe8fe2fabab95426722be4c953c9a8bede92",
                "sha256:ddc34786490a6e4ec0a855d401034cbd1242ef186c20d79d2166d6a4bd449577",
                "sha256:e34b155e36fa9da7e1b7c738ed7767fc9491a62ec6af70fe9da4a057759edc2d",
                "sha256:e5b9e8f6bda48460b7b143c3821b21b452cb3a835e6bbd5dd33aa0c8d3f5137d",
                "sha256:e81ebf6c5ee9684be8f2c87563880f93eedd56dd2b6146d8a725b50b7e5adb0f",
                "sha256:eb91be369f945f10d3a49f5f9be8b3d0b93a4c2be8f8a5b83b0571b8123e0a7a",
                "sha256:f460d1ceb0e4a5dcb2a652db0904224f367c9b3c1470d5a7683c0480e582468b"
            ],
            "version": "==1.3.1"
        },
        "logbook": {
            "hashes": [
                "sha256:3c0a3ebd48e89fcdd725fe393eb9226c789dca5a4e7842d65e2f256645fd1cd9",
                "sha256:97a827a49db0f543cf67a87dbbb7f3164383c801c28641630e200d00c396baa8",
                "sha256:e273188067df6c82b09a0b51d1034628fcd2dab300a074c89e64c4dbbbec0328",
                "sha256:f25f247eed81b7befca3a4646a266c7f6f328a7152d75223f9d3d0ee6476c015",
                "sha256:f4d0b079756f99181d7d87b701b09af1f5d8b17110fe39465cc7afd94db1e95c"
            ],
            "index": "pypi",
            "version": "==1.4.0"
        },
        "mccabe": {
            "hashes": [
                "sha256:ab8a6258860da4b6677da4bd2fe5dc2c659cff31b3ee4f7f5d64e79735b80d42",
                "sha256:dd8d182285a0fe56bace7f45b5e7d1a6ebcbf524e8f3bd87eb0f125271b8831f"
            ],
            "version": "==0.6.1"
        },
        "more-itertools": {
            "hashes": [
                "sha256:0dd8f72eeab0d2c3bd489025bb2f6a1b8342f9b198f6fc37b52d15cfa4531fea",
                "sha256:11a625025954c20145b37ff6309cd54e39ca94f72f6bb9576d1195db6fa2442e",
                "sha256:c9ce7eccdcb901a2c75d326ea134e0886abfbea5f93e91cc95de9507c0816c44"
            ],
            "version": "==4.1.0"
        },
        "pluggy": {
            "hashes": [
                "sha256:7f8ae7f5bdf75671a718d2daf0a64b7885f74510bcd98b1a0bb420eb9a9d0cff",
                "sha256:d345c8fe681115900d6da8d048ba67c25df42973bda370783cd58826442dcd7c",
                "sha256:e160a7fcf25762bb60efc7e171d4497ff1d8d2d75a3d0df7a21b76821ecbf5c5"
            ],
            "version": "==0.6.0"
        },
        "py": {
            "hashes": [
                "sha256:29c9fab495d7528e80ba1e343b958684f4ace687327e6f789a94bf3d1915f881",
                "sha256:983f77f3331356039fdd792e9220b7b8ee1aa6bd2b25f567a963ff1de5a64f6a"
            ],
            "version": "==1.5.3"
        },
        "pylint": {
            "hashes": [
                "sha256:aa519865f8890a5905fa34924fed0f3bfc7d84fc9f9142c16dac52ffecd25a39",
                "sha256:c353d8225195b37cc3aef18248b8f3fe94c5a6a95affaf885ae21a24ca31d8eb"
            ],
            "index": "pypi",
            "version": "==1.9.1"
        },
        "pytest": {
            "hashes": [
                "sha256:54713b26c97538db6ff0703a12b19aeaeb60b5e599de542e7fca0ec83b9038e8",
                "sha256:829230122facf05a5f81a6d4dfe6454a04978ea3746853b2b84567ecf8e5c526"
            ],
            "index": "pypi",
            "version": "==3.5.1"
        },
        "pytest-datadir": {
            "hashes": [
                "sha256:3e5d1892c68d0dfb6863e87d6a1f683e67be60802fee798a3ccae5dbda1ab378",
                "sha256:68226fbb6780366950a9409bb705cd4d05b11bff07a4569d4cc589c69c259def"
            ],
            "index": "pypi",
            "version": "==1.0.1"
        },
        "pytest-logbook": {
            "hashes": [
                "sha256:9454453230989a3d5149689c3449445554808d429b651a3d89c4464054a4c2dc",
                "sha256:e2e79cf188fdae3fc7c857a168a9f18a5d9cca6234f38795b3ff628d23e2be17"
            ],
            "index": "pypi",
            "version": "==1.2.0"
        },
        "pytest-runner": {
            "hashes": [
                "sha256:d23f117be39919f00dd91bffeb4f15e031ec797501b717a245e377aee0f577be",
                "sha256:d987fec1e31287592ffe1cb823a8c613c533db4c6aaca0ee1191dbc91e2fcc61"
            ],
            "index": "pypi",
            "version": "==4.2"
        },
        "six": {
            "hashes": [
                "sha256:70e8a77beed4562e7f14fe23a786b54f6296e34344c23bc42f07b15018ff98e9",
                "sha256:832dc0e10feb1aa2c68dcc57dbb658f1c7e65b9b61af69048abc87a2db00a0eb"
            ],
            "version": "==1.11.0"
        },
        "wrapt": {
            "hashes": [
                "sha256:d4d560d479f2c21e1b5443bbd15fe7ec4b37fe7e53d335d3b9b0a7b1226fe3c6"
            ],
            "version": "==1.10.11"
        }
    }
}
